<?xml version="1.0" encoding="UTF-8" standalone="yes" ?>
<CodeBlocks_project_file>
	<FileVersion major="1" minor="6" />
	<Project>
		<Option title="Platform" />
		<Option pch_mode="2" />
		<Option compiler="gcc" />
		<Build>
			<Target title="Debug">
				<Option output="bin\Debug\Platform" prefix_auto="1" extension_auto="1" />
				<Option object_output="obj\Debug\" />
				<Option type="0" />
				<Option compiler="gcc" />
				<Compiler>
					<Add option="-g" />
				</Compiler>
			</Target>
			<Target title="Release">
				<Option output="bin\Release\Platform" prefix_auto="1" extension_auto="1" />
				<Option object_output="obj\Release\" />
				<Option type="1" />
				<Option compiler="gcc" />
				<Compiler>
					<Add option="-O2" />
				</Compiler>
				<Linker>
					<Add option="-s" />
				</Linker>
			</Target>
		</Build>
		<Compiler>
			<Add option="-Wall" />
			<Add directory="C:\SDL\include" />
		</Compiler>
		<Linker>
			<Add directory="C:\SDL\lib" />
		</Linker>
		<Unit filename="Platform.cpp" />
		<Unit filename="PlatformHeader.h" />
		<Unit filename="block.h" />
		<Unit filename="bullet.h" />
		<Unit filename="drawing.h" />
		<Unit filename="explosion.h" />
		<Unit filename="myrect.h" />
		<Unit filename="player.h" />
		<Unit filename="sprite.h" />
		<Unit filename="weapons.h" />
		<Extensions>
			<code_completion />
			<debugger />
		</Extensions>
	</Project>
</CodeBlocks_project_file>
